
Microsoft Visual Studio Solution File, Format Version 12.00
# Visual Studio 15
VisualStudioVersion = 15.0.27004.2002
MinimumVisualStudioVersion = 10.0.40219.1
Project("{9A19103F-16F7-4668-BE54-9A1E7A4F7556}") = "Fbi.Std.Qbo.Pheidippides", "Fbi.Std.Qbo.Pheidippides\Fbi.Std.Qbo.Pheidippides.csproj", "{36EA3484-6F91-4342-A8FF-184E29B1B351}"
EndProject
Project("{9A19103F-16F7-4668-BE54-9A1E7A4F7556}") = "Fbi.Std.Qbo.Core", "Fbi.Std.Qbo.Core\Fbi.Std.Qbo.Core.csproj", "{A256875E-1467-4F4E-8394-0A8580C4C897}"
EndProject
Project("{9A19103F-16F7-4668-BE54-9A1E7A4F7556}") = "Fbi.Std.Core", "Fbi.Std.Core\Fbi.Std.Core.csproj", "{E8D27D77-0BF4-4D76-A19C-FD3DCE2D9985}"
EndProject
Project("{2150E333-8FDC-42A3-9474-1A3956D46DE8}") = "Solution Items", "Solution Items", "{FD004879-3AA5-4658-9740-EA1E790FDB8B}"
	ProjectSection(SolutionItems) = preProject
		README.md = README.md
	EndProjectSection
EndProject
Project("{FAE04EC0-301F-11D3-BF4B-00C04F79EFBC}") = "Fbi.Std.Qbo.Core.Tests", "Fbi.Std.Qbo.Core.Tests\Fbi.Std.Qbo.Core.Tests.csproj", "{DB91341F-7BEB-4246-9955-81C734F65DEC}"
EndProject
Global
	GlobalSection(SolutionConfigurationPlatforms) = preSolution
		Debug|Any CPU = Debug|Any CPU
		Release|Any CPU = Release|Any CPU
	EndGlobalSection
	GlobalSection(ProjectConfigurationPlatforms) = postSolution
		{36EA3484-6F91-4342-A8FF-184E29B1B351}.Debug|Any CPU.ActiveCfg = Debug|Any CPU
		{36EA3484-6F91-4342-A8FF-184E29B1B351}.Debug|Any CPU.Build.0 = Debug|Any CPU
		{36EA3484-6F91-4342-A8FF-184E29B1B351}.Release|Any CPU.ActiveCfg = Release|Any CPU
		{36EA3484-6F91-4342-A8FF-184E29B1B351}.Release|Any CPU.Build.0 = Release|Any CPU
		{A256875E-1467-4F4E-8394-0A8580C4C897}.Debug|Any CPU.ActiveCfg = Debug|Any CPU
		{A256875E-1467-4F4E-8394-0A8580C4C897}.Debug|Any CPU.Build.0 = Debug|Any CPU
		{A256875E-1467-4F4E-8394-0A8580C4C897}.Release|Any CPU.ActiveCfg = Release|Any CPU
		{A256875E-1467-4F4E-8394-0A8580C4C897}.Release|Any CPU.Build.0 = Release|Any CPU
		{E8D27D77-0BF4-4D76-A19C-FD3DCE2D9985}.Debug|Any CPU.ActiveCfg = Debug|Any CPU
		{E8D27D77-0BF4-4D76-A19C-FD3DCE2D9985}.Debug|Any CPU.Build.0 = Debug|Any CPU
		{E8D27D77-0BF4-4D76-A19C-FD3DCE2D9985}.Release|Any CPU.ActiveCfg = Release|Any CPU
		{E8D27D77-0BF4-4D76-A19C-FD3DCE2D9985}.Release|Any CPU.Build.0 = Release|Any CPU
		{DB91341F-7BEB-4246-9955-81C734F65DEC}.Debug|Any CPU.ActiveCfg = Debug|Any CPU
		{DB91341F-7BEB-4246-9955-81C734F65DEC}.Debug|Any CPU.Build.0 = Debug|Any CPU
		{DB91341F-7BEB-4246-9955-81C734F65DEC}.Release|Any CPU.ActiveCfg = Release|Any CPU
		{DB91341F-7BEB-4246-9955-81C734F65DEC}.Release|Any CPU.Build.0 = Release|Any CPU
	EndGlobalSection
	GlobalSection(SolutionProperties) = preSolution
		HideSolutionNode = FALSE
	EndGlobalSection
	GlobalSection(ExtensibilityGlobals) = postSolution
		SolutionGuid = {D4C0043F-E6E4-4C5A-B7CB-5B7BCE0830A5}
	EndGlobalSection
EndGlobal
